PODS:
  - MBProgressHUD (1.2.0)
  - XEShopSDK (2.0.2)

DEPENDENCIES:
  - MBProgressHUD
  - XEShopSDK (from `/Users/xiaoe/Documents/xiaoe/XiaoeAppSDK-iOS/`)

SPEC REPOS:
  https://github.com/CocoaPods/Specs.git:
    - MBProgressHUD

EXTERNAL SOURCES:
  XEShopSDK:
    :path: "/Users/xiaoe/Documents/xiaoe/XiaoeAppSDK-iOS/"

SPEC CHECKSUMS:
  MBProgressHUD: 3ee5efcc380f6a79a7cc9b363dd669c5e1ae7406
  XEShopSDK: 545e0870b4abc33b9224793eef98ae772bfd7cbf

PODFILE CHECKSUM: 73c293845139a52b2c1e0e63eddc8ede4ca7f154

COCOAPODS: 1.8.3
